
Microsoft Visual Studio Solution File, Format Version 12.00
# Visual Studio 2013
VisualStudioVersion = 12.0.31101.0
MinimumVisualStudioVersion = 10.0.40219.1
Project("{FAE04EC0-301F-11D3-BF4B-00C04F79EFBC}") = "IpaViewer", "IpaViewer\IpaViewer.csproj", "{EDA7B05E-01F2-4A18-B192-DCD424B7090C}"
EndProject
Project("{FAE04EC0-301F-11D3-BF4B-00C04F79EFBC}") = "IpaLib", "IpaLib\IpaLib.csproj", "{C3AA691D-C548-4463-920A-B7D3ADED5BBC}"
EndProject
Project("{FAE04EC0-301F-11D3-BF4B-00C04F79EFBC}") = "IpaLib.Tests", "IpaLib.Tests\IpaLib.Tests.csproj", "{050A8C19-DA4C-4321-9C62-E911E17A8613}"
EndProject
Global
	GlobalSection(SolutionConfigurationPlatforms) = preSolution
		Debug|Any CPU = Debug|Any CPU
		Release|Any CPU = Release|Any CPU
	EndGlobalSection
	GlobalSection(ProjectConfigurationPlatforms) = postSolution
		{EDA7B05E-01F2-4A18-B192-DCD424B7090C}.Debug|Any CPU.ActiveCfg = Debug|Any CPU
		{EDA7B05E-01F2-4A18-B192-DCD424B7090C}.Debug|Any CPU.Build.0 = Debug|Any CPU
		{EDA7B05E-01F2-4A18-B192-DCD424B7090C}.Release|Any CPU.ActiveCfg = Release|Any CPU
		{EDA7B05E-01F2-4A18-B192-DCD424B7090C}.Release|Any CPU.Build.0 = Release|Any CPU
		{C3AA691D-C548-4463-920A-B7D3ADED5BBC}.Debug|Any CPU.ActiveCfg = Debug|Any CPU
		{C3AA691D-C548-4463-920A-B7D3ADED5BBC}.Debug|Any CPU.Build.0 = Debug|Any CPU
		{C3AA691D-C548-4463-920A-B7D3ADED5BBC}.Release|Any CPU.ActiveCfg = Release|Any CPU
		{C3AA691D-C548-4463-920A-B7D3ADED5BBC}.Release|Any CPU.Build.0 = Release|Any CPU
		{050A8C19-DA4C-4321-9C62-E911E17A8613}.Debug|Any CPU.ActiveCfg = Debug|Any CPU
		{050A8C19-DA4C-4321-9C62-E911E17A8613}.Debug|Any CPU.Build.0 = Debug|Any CPU
		{050A8C19-DA4C-4321-9C62-E911E17A8613}.Release|Any CPU.ActiveCfg = Release|Any CPU
		{050A8C19-DA4C-4321-9C62-E911E17A8613}.Release|Any CPU.Build.0 = Release|Any CPU
	EndGlobalSection
	GlobalSection(SolutionProperties) = preSolution
		HideSolutionNode = FALSE
	EndGlobalSection
EndGlobal
